// !$*UTF8*$!
{
	archiveVersion = 1;
	classes = {
	};
	objectVersion = 46;
	objects = {

/* Begin PBXBuildFile section */
		D869B8131CAC6E6F008EC830 /* main.m in Sources */ = {isa = PBXBuildFile; fileRef = D869B8121CAC6E6F008EC830 /* main.m */; };
		D869B8161CAC6E6F008EC830 /* AppDelegate.m in Sources */ = {isa = PBXBuildFile; fileRef = D869B8151CAC6E6F008EC830 /* AppDelegate.m */; };
		D869B8191CAC6E6F008EC830 /* ViewController.m in Sources */ = {isa = PBXBuildFile; fileRef = D869B8181CAC6E6F008EC830 /* ViewController.m */; };
		D869B81C1CAC6E6F008EC830 /* Main.storyboard in Resources */ = {isa = PBXBuildFile; fileRef = D869B81A1CAC6E6F008EC830 /* Main.storyboard */; };
		D869B81E1CAC6E6F008EC830 /* Assets.xcassets in Resources */ = {isa = PBXBuildFile; fileRef = D869B81D1CAC6E6F008EC830 /* Assets.xcassets */; };
		D869B8211CAC6E6F008EC830 /* LaunchScreen.storyboard in Resources */ = {isa = PBXBuildFile; fileRef = D869B81F1CAC6E6F008EC830 /* LaunchScreen.storyboard */; };
		D869B82F1CAC7002008EC830 /* LoginViewController.m in Sources */ = {isa = PBXBuildFile; fileRef = D869B82D1CAC7002008EC830 /* LoginViewController.m */; };
		D869B8301CAC7002008EC830 /* LoginViewController.xib in Resources */ = {isa = PBXBuildFile; fileRef = D869B82E1CAC7002008EC830 /* LoginViewController.xib */; };
		D869B8341CAC8164008EC830 /* ClinicianHomeViewController.m in Sources */ = {isa = PBXBuildFile; fileRef = D869B8321CAC8164008EC830 /* ClinicianHomeViewController.m */; };
		D869B8351CAC8164008EC830 /* ClinicianHomeViewController.xib in Resources */ = {isa = PBXBuildFile; fileRef = D869B8331CAC8164008EC830 /* ClinicianHomeViewController.xib */; };
		D869B8391CAC81A5008EC830 /* ClientHomeViewController.m in Sources */ = {isa = PBXBuildFile; fileRef = D869B8371CAC81A5008EC830 /* ClientHomeViewController.m */; };
		D869B83A1CAC81A5008EC830 /* ClientHomeViewController.xib in Resources */ = {isa = PBXBuildFile; fileRef = D869B8381CAC81A5008EC830 /* ClientHomeViewController.xib */; };
		D869B83E1CAC90AB008EC830 /* ActivityListViewController.m in Sources */ = {isa = PBXBuildFile; fileRef = D869B83C1CAC90AB008EC830 /* ActivityListViewController.m */; };
		D869B83F1CAC90AB008EC830 /* ActivityListViewController.xib in Resources */ = {isa = PBXBuildFile; fileRef = D869B83D1CAC90AB008EC830 /* ActivityListViewController.xib */; };
		D869B8431CAC90DE008EC830 /* ActivityProgressViewController.m in Sources */ = {isa = PBXBuildFile; fileRef = D869B8411CAC90DE008EC830 /* ActivityProgressViewController.m */; };
		D869B8441CAC90DE008EC830 /* ActivityProgressViewController.xib in Resources */ = {isa = PBXBuildFile; fileRef = D869B8421CAC90DE008EC830 /* ActivityProgressViewController.xib */; };
		D869B8481CACA752008EC830 /* ActivityCardViewCell.m in Sources */ = {isa = PBXBuildFile; fileRef = D869B8471CACA752008EC830 /* ActivityCardViewCell.m */; };
		D869B84B1CAD04E7008EC830 /* ActivityProgressCell.m in Sources */ = {isa = PBXBuildFile; fileRef = D869B84A1CAD04E7008EC830 /* ActivityProgressCell.m */; };
		D869B84F1CAD6854008EC830 /* ActivityProgressData.m in Sources */ = {isa = PBXBuildFile; fileRef = D869B84E1CAD6854008EC830 /* ActivityProgressData.m */; };
		D869B8521CAD8619008EC830 /* ClientInfoCell.m in Sources */ = {isa = PBXBuildFile; fileRef = D869B8511CAD8619008EC830 /* ClientInfoCell.m */; };
		D869B8551CAD864D008EC830 /* ClientInfoData.m in Sources */ = {isa = PBXBuildFile; fileRef = D869B8541CAD864D008EC830 /* ClientInfoData.m */; };
		D869B8591CAD887D008EC830 /* ClientInfoViewController.m in Sources */ = {isa = PBXBuildFile; fileRef = D869B8571CAD887D008EC830 /* ClientInfoViewController.m */; };
		D869B85A1CAD887D008EC830 /* ClientInfoViewController.xib in Resources */ = {isa = PBXBuildFile; fileRef = D869B8581CAD887D008EC830 /* ClientInfoViewController.xib */; };
		D869B85E1CAD889A008EC830 /* CreatecontentViewController.m in Sources */ = {isa = PBXBuildFile; fileRef = D869B85C1CAD889A008EC830 /* CreatecontentViewController.m */; };
		D869B85F1CAD889A008EC830 /* CreatecontentViewController.xib in Resources */ = {isa = PBXBuildFile; fileRef = D869B85D1CAD889A008EC830 /* CreatecontentViewController.xib */; };
		D869B8681CAD94C6008EC830 /* ActivityCardView.m in Sources */ = {isa = PBXBuildFile; fileRef = D869B8671CAD94C6008EC830 /* ActivityCardView.m */; };
		D869B86B1CAD94DD008EC830 /* DateLineView.m in Sources */ = {isa = PBXBuildFile; fileRef = D869B86A1CAD94DD008EC830 /* DateLineView.m */; };
		D869B86F1CADD939008EC830 /* UpdatesViewController.m in Sources */ = {isa = PBXBuildFile; fileRef = D869B86D1CADD939008EC830 /* UpdatesViewController.m */; };
		D869B8701CADD939008EC830 /* UpdatesViewController.xib in Resources */ = {isa = PBXBuildFile; fileRef = D869B86E1CADD939008EC830 /* UpdatesViewController.xib */; };
		D869B8731CADF1AF008EC830 /* UpdateCell.m in Sources */ = {isa = PBXBuildFile; fileRef = D869B8721CADF1AF008EC830 /* UpdateCell.m */; };
		D869B8761CADF1F0008EC830 /* UpdateData.m in Sources */ = {isa = PBXBuildFile; fileRef = D869B8751CADF1F0008EC830 /* UpdateData.m */; };
/* End PBXBuildFile section */

/* Begin PBXFileReference section */
		D869B80E1CAC6E6F008EC830 /* projectGrimoire.app */ = {isa = PBXFileReference; explicitFileType = wrapper.application; includeInIndex = 0; path = projectGrimoire.app; sourceTree = BUILT_PRODUCTS_DIR; };
		D869B8121CAC6E6F008EC830 /* main.m */ = {isa = PBXFileReference; lastKnownFileType = sourcecode.c.objc; path = main.m; sourceTree = "<group>"; };
		D869B8141CAC6E6F008EC830 /* AppDelegate.h */ = {isa = PBXFileReference; lastKnownFileType = sourcecode.c.h; path = AppDelegate.h; sourceTree = "<group>"; };
		D869B8151CAC6E6F008EC830 /* AppDelegate.m */ = {isa = PBXFileReference; lastKnownFileType = sourcecode.c.objc; path = AppDelegate.m; sourceTree = "<group>"; };
		D869B8171CAC6E6F008EC830 /* ViewController.h */ = {isa = PBXFileReference; lastKnownFileType = sourcecode.c.h; path = ViewController.h; sourceTree = "<group>"; };
		D869B8181CAC6E6F008EC830 /* ViewController.m */ = {isa = PBXFileReference; lastKnownFileType = sourcecode.c.objc; path = ViewController.m; sourceTree = "<group>"; };
		D869B81B1CAC6E6F008EC830 /* Base */ = {isa = PBXFileReference; lastKnownFileType = file.storyboard; name = Base; path = Base.lproj/Main.storyboard; sourceTree = "<group>"; };
		D869B81D1CAC6E6F008EC830 /* Assets.xcassets */ = {isa = PBXFileReference; lastKnownFileType = folder.assetcatalog; path = Assets.xcassets; sourceTree = "<group>"; };
		D869B8201CAC6E6F008EC830 /* Base */ = {isa = PBXFileReference; lastKnownFileType = file.storyboard; name = Base; path = Base.lproj/LaunchScreen.storyboard; sourceTree = "<group>"; };
		D869B8221CAC6E6F008EC830 /* Info.plist */ = {isa = PBXFileReference; lastKnownFileType = text.plist.xml; path = Info.plist; sourceTree = "<group>"; };
		D869B82C1CAC7002008EC830 /* LoginViewController.h */ = {isa = PBXFileReference; fileEncoding = 4; lastKnownFileType = sourcecode.c.h; path = LoginViewController.h; sourceTree = "<group>"; };
		D869B82D1CAC7002008EC830 /* LoginViewController.m */ = {isa = PBXFileReference; fileEncoding = 4; lastKnownFileType = sourcecode.c.objc; path = LoginViewController.m; sourceTree = "<group>"; };
		D869B82E1CAC7002008EC830 /* LoginViewController.xib */ = {isa = PBXFileReference; fileEncoding = 4; lastKnownFileType = file.xib; path = LoginViewController.xib; sourceTree = "<group>"; };
		D869B8311CAC8164008EC830 /* ClinicianHomeViewController.h */ = {isa = PBXFileReference; fileEncoding = 4; lastKnownFileType = sourcecode.c.h; path = ClinicianHomeViewController.h; sourceTree = "<group>"; };
		D869B8321CAC8164008EC830 /* ClinicianHomeViewController.m */ = {isa = PBXFileReference; fileEncoding = 4; lastKnownFileType = sourcecode.c.objc; path = ClinicianHomeViewController.m; sourceTree = "<group>"; };
		D869B8331CAC8164008EC830 /* ClinicianHomeViewController.xib */ = {isa = PBXFileReference; fileEncoding = 4; lastKnownFileType = file.xib; path = ClinicianHomeViewController.xib; sourceTree = "<group>"; };
		D869B8361CAC81A5008EC830 /* ClientHomeViewController.h */ = {isa = PBXFileReference; fileEncoding = 4; lastKnownFileType = sourcecode.c.h; path = ClientHomeViewController.h; sourceTree = "<group>"; };
		D869B8371CAC81A5008EC830 /* ClientHomeViewController.m */ = {isa = PBXFileReference; fileEncoding = 4; lastKnownFileType = sourcecode.c.objc; path = ClientHomeViewController.m; sourceTree = "<group>"; };
		D869B8381CAC81A5008EC830 /* ClientHomeViewController.xib */ = {isa = PBXFileReference; fileEncoding = 4; lastKnownFileType = file.xib; path = ClientHomeViewController.xib; sourceTree = "<group>"; };
		D869B83B1CAC90AB008EC830 /* ActivityListViewController.h */ = {isa = PBXFileReference; fileEncoding = 4; lastKnownFileType = sourcecode.c.h; path = ActivityListViewController.h; sourceTree = "<group>"; };
		D869B83C1CAC90AB008EC830 /* ActivityListViewController.m */ = {isa = PBXFileReference; fileEncoding = 4; lastKnownFileType = sourcecode.c.objc; path = ActivityListViewController.m; sourceTree = "<group>"; };
		D869B83D1CAC90AB008EC830 /* ActivityListViewController.xib */ = {isa = PBXFileReference; fileEncoding = 4; lastKnownFileType = file.xib; path = ActivityListViewController.xib; sourceTree = "<group>"; };
		D869B8401CAC90DE008EC830 /* ActivityProgressViewController.h */ = {isa = PBXFileReference; fileEncoding = 4; lastKnownFileType = sourcecode.c.h; path = ActivityProgressViewController.h; sourceTree = "<group>"; };
		D869B8411CAC90DE008EC830 /* ActivityProgressViewController.m */ = {isa = PBXFileReference; fileEncoding = 4; lastKnownFileType = sourcecode.c.objc; path = ActivityProgressViewController.m; sourceTree = "<group>"; };
		D869B8421CAC90DE008EC830 /* ActivityProgressViewController.xib */ = {isa = PBXFileReference; fileEncoding = 4; lastKnownFileType = file.xib; path = ActivityProgressViewController.xib; sourceTree = "<group>"; };
		D869B8461CACA752008EC830 /* ActivityCardViewCell.h */ = {isa = PBXFileReference; fileEncoding = 4; lastKnownFileType = sourcecode.c.h; path = ActivityCardViewCell.h; sourceTree = "<group>"; };
		D869B8471CACA752008EC830 /* ActivityCardViewCell.m */ = {isa = PBXFileReference; fileEncoding = 4; lastKnownFileType = sourcecode.c.objc; path = ActivityCardViewCell.m; sourceTree = "<group>"; };
		D869B8491CAD04E7008EC830 /* ActivityProgressCell.h */ = {isa = PBXFileReference; fileEncoding = 4; lastKnownFileType = sourcecode.c.h; path = ActivityProgressCell.h; sourceTree = "<group>"; };
		D869B84A1CAD04E7008EC830 /* ActivityProgressCell.m */ = {isa = PBXFileReference; fileEncoding = 4; lastKnownFileType = sourcecode.c.objc; path = ActivityProgressCell.m; sourceTree = "<group>"; };
		D869B84D1CAD6854008EC830 /* ActivityProgressData.h */ = {isa = PBXFileReference; fileEncoding = 4; lastKnownFileType = sourcecode.c.h; path = ActivityProgressData.h; sourceTree = "<group>"; };
		D869B84E1CAD6854008EC830 /* ActivityProgressData.m */ = {isa = PBXFileReference; fileEncoding = 4; lastKnownFileType = sourcecode.c.objc; path = ActivityProgressData.m; sourceTree = "<group>"; };
		D869B8501CAD8619008EC830 /* ClientInfoCell.h */ = {isa = PBXFileReference; fileEncoding = 4; lastKnownFileType = sourcecode.c.h; path = ClientInfoCell.h; sourceTree = "<group>"; };
		D869B8511CAD8619008EC830 /* ClientInfoCell.m */ = {isa = PBXFileReference; fileEncoding = 4; lastKnownFileType = sourcecode.c.objc; path = ClientInfoCell.m; sourceTree = "<group>"; };
		D869B8531CAD864D008EC830 /* ClientInfoData.h */ = {isa = PBXFileReference; fileEncoding = 4; lastKnownFileType = sourcecode.c.h; path = ClientInfoData.h; sourceTree = "<group>"; };
		D869B8541CAD864D008EC830 /* ClientInfoData.m */ = {isa = PBXFileReference; fileEncoding = 4; lastKnownFileType = sourcecode.c.objc; path = ClientInfoData.m; sourceTree = "<group>"; };
		D869B8561CAD887D008EC830 /* ClientInfoViewController.h */ = {isa = PBXFileReference; fileEncoding = 4; lastKnownFileType = sourcecode.c.h; path = ClientInfoViewController.h; sourceTree = "<group>"; };
		D869B8571CAD887D008EC830 /* ClientInfoViewController.m */ = {isa = PBXFileReference; fileEncoding = 4; lastKnownFileType = sourcecode.c.objc; path = ClientInfoViewController.m; sourceTree = "<group>"; };
		D869B8581CAD887D008EC830 /* ClientInfoViewController.xib */ = {isa = PBXFileReference; fileEncoding = 4; lastKnownFileType = file.xib; path = ClientInfoViewController.xib; sourceTree = "<group>"; };
		D869B85B1CAD889A008EC830 /* CreatecontentViewController.h */ = {isa = PBXFileReference; fileEncoding = 4; lastKnownFileType = sourcecode.c.h; path = CreatecontentViewController.h; sourceTree = "<group>"; };
		D869B85C1CAD889A008EC830 /* CreatecontentViewController.m */ = {isa = PBXFileReference; fileEncoding = 4; lastKnownFileType = sourcecode.c.objc; path = CreatecontentViewController.m; sourceTree = "<group>"; };
		D869B85D1CAD889A008EC830 /* CreatecontentViewController.xib */ = {isa = PBXFileReference; fileEncoding = 4; lastKnownFileType = file.xib; path = CreatecontentViewController.xib; sourceTree = "<group>"; };
		D869B8661CAD94C6008EC830 /* ActivityCardView.h */ = {isa = PBXFileReference; fileEncoding = 4; lastKnownFileType = sourcecode.c.h; path = ActivityCardView.h; sourceTree = "<group>"; };
		D869B8671CAD94C6008EC830 /* ActivityCardView.m */ = {isa = PBXFileReference; fileEncoding = 4; lastKnownFileType = sourcecode.c.objc; path = ActivityCardView.m; sourceTree = "<group>"; };
		D869B8691CAD94DD008EC830 /* DateLineView.h */ = {isa = PBXFileReference; fileEncoding = 4; lastKnownFileType = sourcecode.c.h; path = DateLineView.h; sourceTree = "<group>"; };
		D869B86A1CAD94DD008EC830 /* DateLineView.m */ = {isa = PBXFileReference; fileEncoding = 4; lastKnownFileType = sourcecode.c.objc; path = DateLineView.m; sourceTree = "<group>"; };
		D869B86C1CADD939008EC830 /* UpdatesViewController.h */ = {isa = PBXFileReference; fileEncoding = 4; lastKnownFileType = sourcecode.c.h; path = UpdatesViewController.h; sourceTree = "<group>"; };
		D869B86D1CADD939008EC830 /* UpdatesViewController.m */ = {isa = PBXFileReference; fileEncoding = 4; lastKnownFileType = sourcecode.c.objc; path = UpdatesViewController.m; sourceTree = "<group>"; };
		D869B86E1CADD939008EC830 /* UpdatesViewController.xib */ = {isa = PBXFileReference; fileEncoding = 4; lastKnownFileType = file.xib; path = UpdatesViewController.xib; sourceTree = "<group>"; };
		D869B8711CADF1AF008EC830 /* UpdateCell.h */ = {isa = PBXFileReference; fileEncoding = 4; lastKnownFileType = sourcecode.c.h; path = UpdateCell.h; sourceTree = "<group>"; };
		D869B8721CADF1AF008EC830 /* UpdateCell.m */ = {isa = PBXFileReference; fileEncoding = 4; lastKnownFileType = sourcecode.c.objc; path = UpdateCell.m; sourceTree = "<group>"; };
		D869B8741CADF1F0008EC830 /* UpdateData.h */ = {isa = PBXFileReference; fileEncoding = 4; lastKnownFileType = sourcecode.c.h; path = UpdateData.h; sourceTree = "<group>"; };
		D869B8751CADF1F0008EC830 /* UpdateData.m */ = {isa = PBXFileReference; fileEncoding = 4; lastKnownFileType = sourcecode.c.objc; path = UpdateData.m; sourceTree = "<group>"; };
/* End PBXFileReference section */

/* Begin PBXFrameworksBuildPhase section */
		D869B80B1CAC6E6F008EC830 /* Frameworks */ = {
			isa = PBXFrameworksBuildPhase;
			buildActionMask = 2147483647;
			files = (
			);
			runOnlyForDeploymentPostprocessing = 0;
		};
/* End PBXFrameworksBuildPhase section */

/* Begin PBXGroup section */
		D869B8051CAC6E6F008EC830 = {
			isa = PBXGroup;
			children = (
				D869B8101CAC6E6F008EC830 /* projectGrimoire */,
				D869B80F1CAC6E6F008EC830 /* Products */,
			);
			sourceTree = "<group>";
		};
		D869B80F1CAC6E6F008EC830 /* Products */ = {
			isa = PBXGroup;
			children = (
				D869B80E1CAC6E6F008EC830 /* projectGrimoire.app */,
			);
			name = Products;
			sourceTree = "<group>";
		};
		D869B8101CAC6E6F008EC830 /* projectGrimoire */ = {
			isa = PBXGroup;
			children = (
				D869B8141CAC6E6F008EC830 /* AppDelegate.h */,
				D869B8151CAC6E6F008EC830 /* AppDelegate.m */,
				D869B8171CAC6E6F008EC830 /* ViewController.h */,
				D869B8181CAC6E6F008EC830 /* ViewController.m */,
				D869B81A1CAC6E6F008EC830 /* Main.storyboard */,
				D869B8281CAC6F64008EC830 /* View Controllers */,
				D869B8451CACA70F008EC830 /* Custom Cells */,
				D869B84C1CAD6819008EC830 /* Custom Structures */,
				D869B8651CAD9447008EC830 /* Custom Views */,
				D869B81D1CAC6E6F008EC830 /* Assets.xcassets */,
				D869B81F1CAC6E6F008EC830 /* LaunchScreen.storyboard */,
				D869B8221CAC6E6F008EC830 /* Info.plist */,
				D869B8111CAC6E6F008EC830 /* Supporting Files */,
			);
			path = projectGrimoire;
			sourceTree = "<group>";
		};
		D869B8111CAC6E6F008EC830 /* Supporting Files */ = {
			isa = PBXGroup;
			children = (
				D869B8121CAC6E6F008EC830 /* main.m */,
			);
			name = "Supporting Files";
			sourceTree = "<group>";
		};
		D869B8281CAC6F64008EC830 /* View Controllers */ = {
			isa = PBXGroup;
			children = (
				D869B82C1CAC7002008EC830 /* LoginViewController.h */,
				D869B82D1CAC7002008EC830 /* LoginViewController.m */,
				D869B82E1CAC7002008EC830 /* LoginViewController.xib */,
				D869B8311CAC8164008EC830 /* ClinicianHomeViewController.h */,
				D869B8321CAC8164008EC830 /* ClinicianHomeViewController.m */,
				D869B8331CAC8164008EC830 /* ClinicianHomeViewController.xib */,
				D869B8361CAC81A5008EC830 /* ClientHomeViewController.h */,
				D869B8371CAC81A5008EC830 /* ClientHomeViewController.m */,
				D869B8381CAC81A5008EC830 /* ClientHomeViewController.xib */,
				D869B83B1CAC90AB008EC830 /* ActivityListViewController.h */,
				D869B83C1CAC90AB008EC830 /* ActivityListViewController.m */,
				D869B83D1CAC90AB008EC830 /* ActivityListViewController.xib */,
				D869B8401CAC90DE008EC830 /* ActivityProgressViewController.h */,
				D869B8411CAC90DE008EC830 /* ActivityProgressViewController.m */,
				D869B8421CAC90DE008EC830 /* ActivityProgressViewController.xib */,
				D869B86C1CADD939008EC830 /* UpdatesViewController.h */,
				D869B86D1CADD939008EC830 /* UpdatesViewController.m */,
				D869B86E1CADD939008EC830 /* UpdatesViewController.xib */,
				D869B8561CAD887D008EC830 /* ClientInfoViewController.h */,
				D869B8571CAD887D008EC830 /* ClientInfoViewController.m */,
				D869B8581CAD887D008EC830 /* ClientInfoViewController.xib */,
				D869B85B1CAD889A008EC830 /* CreatecontentViewController.h */,
				D869B85C1CAD889A008EC830 /* CreatecontentViewController.m */,
				D869B85D1CAD889A008EC830 /* CreatecontentViewController.xib */,
			);
			name = "View Controllers";
			sourceTree = "<group>";
		};
		D869B8451CACA70F008EC830 /* Custom Cells */ = {
			isa = PBXGroup;
			children = (
				D869B8461CACA752008EC830 /* ActivityCardViewCell.h */,
				D869B8471CACA752008EC830 /* ActivityCardViewCell.m */,
				D869B8491CAD04E7008EC830 /* ActivityProgressCell.h */,
				D869B84A1CAD04E7008EC830 /* ActivityProgressCell.m */,
				D869B8501CAD8619008EC830 /* ClientInfoCell.h */,
				D869B8511CAD8619008EC830 /* ClientInfoCell.m */,
				D869B8711CADF1AF008EC830 /* UpdateCell.h */,
				D869B8721CADF1AF008EC830 /* UpdateCell.m */,
			);
			name = "Custom Cells";
			sourceTree = "<group>";
		};
		D869B84C1CAD6819008EC830 /* Custom Structures */ = {
			isa = PBXGroup;
			children = (
				D869B84D1CAD6854008EC830 /* ActivityProgressData.h */,
				D869B84E1CAD6854008EC830 /* ActivityProgressData.m */,
				D869B8531CAD864D008EC830 /* ClientInfoData.h */,
				D869B8541CAD864D008EC830 /* ClientInfoData.m */,
				D869B8741CADF1F0008EC830 /* UpdateData.h */,
				D869B8751CADF1F0008EC830 /* UpdateData.m */,
			);
			name = "Custom Structures";
			sourceTree = "<group>";
		};
		D869B8651CAD9447008EC830 /* Custom Views */ = {
			isa = PBXGroup;
			children = (
				D869B8661CAD94C6008EC830 /* ActivityCardView.h */,
				D869B8671CAD94C6008EC830 /* ActivityCardView.m */,
				D869B8691CAD94DD008EC830 /* DateLineView.h */,
				D869B86A1CAD94DD008EC830 /* DateLineView.m */,
			);
			name = "Custom Views";
			sourceTree = "<group>";
		};
/* End PBXGroup section */

/* Begin PBXNativeTarget section */
		D869B80D1CAC6E6F008EC830 /* projectGrimoire */ = {
			isa = PBXNativeTarget;
			buildConfigurationList = D869B8251CAC6E6F008EC830 /* Build configuration list for PBXNativeTarget "projectGrimoire" */;
			buildPhases = (
				D869B80A1CAC6E6F008EC830 /* Sources */,
				D869B80B1CAC6E6F008EC830 /* Frameworks */,
				D869B80C1CAC6E6F008EC830 /* Resources */,
			);
			buildRules = (
			);
			dependencies = (
			);
			name = projectGrimoire;
			productName = projectGrimoire;
			productReference = D869B80E1CAC6E6F008EC830 /* projectGrimoire.app */;
			productType = "com.apple.product-type.application";
		};
/* End PBXNativeTarget section */

/* Begin PBXProject section */
		D869B8061CAC6E6F008EC830 /* Project object */ = {
			isa = PBXProject;
			attributes = {
				LastUpgradeCheck = 0720;
				ORGANIZATIONNAME = "Prayaas Jain";
				TargetAttributes = {
					D869B80D1CAC6E6F008EC830 = {
						CreatedOnToolsVersion = 7.2.1;
						DevelopmentTeam = T5SS92X3K9;
					};
				};
			};
			buildConfigurationList = D869B8091CAC6E6F008EC830 /* Build configuration list for PBXProject "projectGrimoire" */;
			compatibilityVersion = "Xcode 3.2";
			developmentRegion = English;
			hasScannedForEncodings = 0;
			knownRegions = (
				en,
				Base,
			);
			mainGroup = D869B8051CAC6E6F008EC830;
			productRefGroup = D869B80F1CAC6E6F008EC830 /* Products */;
			projectDirPath = "";
			projectRoot = "";
			targets = (
				D869B80D1CAC6E6F008EC830 /* projectGrimoire */,
			);
		};
/* End PBXProject section */

/* Begin PBXResourcesBuildPhase section */
		D869B80C1CAC6E6F008EC830 /* Resources */ = {
			isa = PBXResourcesBuildPhase;
			buildActionMask = 2147483647;
			files = (
				D869B85A1CAD887D008EC830 /* ClientInfoViewController.xib in Resources */,
				D869B8701CADD939008EC830 /* UpdatesViewController.xib in Resources */,
				D869B8301CAC7002008EC830 /* LoginViewController.xib in Resources */,
				D869B8211CAC6E6F008EC830 /* LaunchScreen.storyboard in Resources */,
				D869B83F1CAC90AB008EC830 /* ActivityListViewController.xib in Resources */,
				D869B8351CAC8164008EC830 /* ClinicianHomeViewController.xib in Resources */,
				D869B8441CAC90DE008EC830 /* ActivityProgressViewController.xib in Resources */,
				D869B85F1CAD889A008EC830 /* CreatecontentViewController.xib in Resources */,
				D869B81E1CAC6E6F008EC830 /* Assets.xcassets in Resources */,
				D869B83A1CAC81A5008EC830 /* ClientHomeViewController.xib in Resources */,
				D869B81C1CAC6E6F008EC830 /* Main.storyboard in Resources */,
			);
			runOnlyForDeploymentPostprocessing = 0;
		};
/* End PBXResourcesBuildPhase section */

/* Begin PBXSourcesBuildPhase section */
		D869B80A1CAC6E6F008EC830 /* Sources */ = {
			isa = PBXSourcesBuildPhase;
			buildActionMask = 2147483647;
			files = (
				D869B8431CAC90DE008EC830 /* ActivityProgressViewController.m in Sources */,
				D869B82F1CAC7002008EC830 /* LoginViewController.m in Sources */,
				D869B86B1CAD94DD008EC830 /* DateLineView.m in Sources */,
				D869B8731CADF1AF008EC830 /* UpdateCell.m in Sources */,
				D869B85E1CAD889A008EC830 /* CreatecontentViewController.m in Sources */,
				D869B8191CAC6E6F008EC830 /* ViewController.m in Sources */,
				D869B8591CAD887D008EC830 /* ClientInfoViewController.m in Sources */,
				D869B83E1CAC90AB008EC830 /* ActivityListViewController.m in Sources */,
				D869B8391CAC81A5008EC830 /* ClientHomeViewController.m in Sources */,
				D869B8161CAC6E6F008EC830 /* AppDelegate.m in Sources */,
				D869B86F1CADD939008EC830 /* UpdatesViewController.m in Sources */,
				D869B8481CACA752008EC830 /* ActivityCardViewCell.m in Sources */,
				D869B8761CADF1F0008EC830 /* UpdateData.m in Sources */,
				D869B84B1CAD04E7008EC830 /* ActivityProgressCell.m in Sources */,
				D869B8131CAC6E6F008EC830 /* main.m in Sources */,
				D869B84F1CAD6854008EC830 /* ActivityProgressData.m in Sources */,
				D869B8521CAD8619008EC830 /* ClientInfoCell.m in Sources */,
				D869B8341CAC8164008EC830 /* ClinicianHomeViewController.m in Sources */,
				D869B8551CAD864D008EC830 /* ClientInfoData.m in Sources */,
				D869B8681CAD94C6008EC830 /* ActivityCardView.m in Sources */,
			);
			runOnlyForDeploymentPostprocessing = 0;
		};
/* End PBXSourcesBuildPhase section */

/* Begin PBXVariantGroup section */
		D869B81A1CAC6E6F008EC830 /* Main.storyboard */ = {
			isa = PBXVariantGroup;
			children = (
				D869B81B1CAC6E6F008EC830 /* Base */,
			);
			name = Main.storyboard;
			sourceTree = "<group>";
		};
		D869B81F1CAC6E6F008EC830 /* LaunchScreen.storyboard */ = {
			isa = PBXVariantGroup;
			children = (
				D869B8201CAC6E6F008EC830 /* Base */,
			);
			name = LaunchScreen.storyboard;
			sourceTree = "<group>";
		};
/* End PBXVariantGroup section */

/* Begin XCBuildConfiguration section */
		D869B8231CAC6E6F008EC830 /* Debug */ = {
			isa = XCBuildConfiguration;
			buildSettings = {
				ALWAYS_SEARCH_USER_PATHS = NO;
				CLANG_CXX_LANGUAGE_STANDARD = "gnu++0x";
				CLANG_CXX_LIBRARY = "libc++";
				CLANG_ENABLE_MODULES = YES;
				CLANG_ENABLE_OBJC_ARC = YES;
				CLANG_WARN_BOOL_CONVERSION = YES;
				CLANG_WARN_CONSTANT_CONVERSION = YES;
				CLANG_WARN_DIRECT_OBJC_ISA_USAGE = YES_ERROR;
				CLANG_WARN_EMPTY_BODY = YES;
				CLANG_WARN_ENUM_CONVERSION = YES;
				CLANG_WARN_INT_CONVERSION = YES;
				CLANG_WARN_OBJC_ROOT_CLASS = YES_ERROR;
				CLANG_WARN_UNREACHABLE_CODE = YES;
				CLANG_WARN__DUPLICATE_METHOD_MATCH = YES;
				"CODE_SIGN_IDENTITY[sdk=iphoneos*]" = "iPhone Developer";
				COPY_PHASE_STRIP = NO;
				DEBUG_INFORMATION_FORMAT = dwarf;
				ENABLE_STRICT_OBJC_MSGSEND = YES;
				ENABLE_TESTABILITY = YES;
				GCC_C_LANGUAGE_STANDARD = gnu99;
				GCC_DYNAMIC_NO_PIC = NO;
				GCC_NO_COMMON_BLOCKS = YES;
				GCC_OPTIMIZATION_LEVEL = 0;
				GCC_PREPROCESSOR_DEFINITIONS = (
					"DEBUG=1",
					"$(inherited)",
				);
				GCC_WARN_64_TO_32_BIT_CONVERSION = YES;
				GCC_WARN_ABOUT_RETURN_TYPE = YES_ERROR;
				GCC_WARN_UNDECLARED_SELECTOR = YES;
				GCC_WARN_UNINITIALIZED_AUTOS = YES_AGGRESSIVE;
				GCC_WARN_UNUSED_FUNCTION = YES;
				GCC_WARN_UNUSED_VARIABLE = YES;
				IPHONEOS_DEPLOYMENT_TARGET = 9.2;
				MTL_ENABLE_DEBUG_INFO = YES;
				ONLY_ACTIVE_ARCH = YES;
				SDKROOT = iphoneos;
			};
			name = Debug;
		};
		D869B8241CAC6E6F008EC830 /* Release */ = {
			isa = XCBuildConfiguration;
			buildSettings = {
				ALWAYS_SEARCH_USER_PATHS = NO;
				CLANG_CXX_LANGUAGE_STANDARD = "gnu++0x";
				CLANG_CXX_LIBRARY = "libc++";
				CLANG_ENABLE_MODULES = YES;
				CLANG_ENABLE_OBJC_ARC = YES;
				CLANG_WARN_BOOL_CONVERSION = YES;
				CLANG_WARN_CONSTANT_CONVERSION = YES;
				CLANG_WARN_DIRECT_OBJC_ISA_USAGE = YES_ERROR;
				CLANG_WARN_EMPTY_BODY = YES;
				CLANG_WARN_ENUM_CONVERSION = YES;
				CLANG_WARN_INT_CONVERSION = YES;
				CLANG_WARN_OBJC_ROOT_CLASS = YES_ERROR;
				CLANG_WARN_UNREACHABLE_CODE = YES;
				CLANG_WARN__DUPLICATE_METHOD_MATCH = YES;
				"CODE_SIGN_IDENTITY[sdk=iphoneos*]" = "iPhone Developer";
				COPY_PHASE_STRIP = NO;
				DEBUG_INFORMATION_FORMAT = "dwarf-with-dsym";
				ENABLE_NS_ASSERTIONS = NO;
				ENABLE_STRICT_OBJC_MSGSEND = YES;
				GCC_C_LANGUAGE_STANDARD = gnu99;
				GCC_NO_COMMON_BLOCKS = YES;
				GCC_WARN_64_TO_32_BIT_CONVERSION = YES;
				GCC_WARN_ABOUT_RETURN_TYPE = YES_ERROR;
				GCC_WARN_UNDECLARED_SELECTOR = YES;
				GCC_WARN_UNINITIALIZED_AUTOS = YES_AGGRESSIVE;
				GCC_WARN_UNUSED_FUNCTION = YES;
				GCC_WARN_UNUSED_VARIABLE = YES;
				IPHONEOS_DEPLOYMENT_TARGET = 9.2;
				MTL_ENABLE_DEBUG_INFO = NO;
				SDKROOT = iphoneos;
				VALIDATE_PRODUCT = YES;
			};
			name = Release;
		};
		D869B8261CAC6E6F008EC830 /* Debug */ = {
			isa = XCBuildConfiguration;
			buildSettings = {
				ASSETCATALOG_COMPILER_APPICON_NAME = AppIcon;
				CODE_SIGN_IDENTITY = "iPhone Developer";
				"CODE_SIGN_IDENTITY[sdk=iphoneos*]" = "iPhone Developer";
				INFOPLIST_FILE = projectGrimoire/Info.plist;
				LD_RUNPATH_SEARCH_PATHS = "$(inherited) @executable_path/Frameworks";
				PRODUCT_BUNDLE_IDENTIFIER = com.prayaasjain.projectGrimoire;
				PRODUCT_NAME = "$(TARGET_NAME)";
				PROVISIONING_PROFILE = "";
			};
			name = Debug;
		};
		D869B8271CAC6E6F008EC830 /* Release */ = {
			isa = XCBuildConfiguration;
			buildSettings = {
				ASSETCATALOG_COMPILER_APPICON_NAME = AppIcon;
				CODE_SIGN_IDENTITY = "iPhone Developer";
				"CODE_SIGN_IDENTITY[sdk=iphoneos*]" = "iPhone Developer";
				INFOPLIST_FILE = projectGrimoire/Info.plist;
				LD_RUNPATH_SEARCH_PATHS = "$(inherited) @executable_path/Frameworks";
				PRODUCT_BUNDLE_IDENTIFIER = com.prayaasjain.projectGrimoire;
				PRODUCT_NAME = "$(TARGET_NAME)";
				PROVISIONING_PROFILE = "";
			};
			name = Release;
		};
/* End XCBuildConfiguration section */

/* Begin XCConfigurationList section */
		D869B8091CAC6E6F008EC830 /* Build configuration list for PBXProject "projectGrimoire" */ = {
			isa = XCConfigurationList;
			buildConfigurations = (
				D869B8231CAC6E6F008EC830 /* Debug */,
				D869B8241CAC6E6F008EC830 /* Release */,
			);
			defaultConfigurationIsVisible = 0;
			defaultConfigurationName = Release;
		};
		D869B8251CAC6E6F008EC830 /* Build configuration list for PBXNativeTarget "projectGrimoire" */ = {
			isa = XCConfigurationList;
			buildConfigurations = (
				D869B8261CAC6E6F008EC830 /* Debug */,
				D869B8271CAC6E6F008EC830 /* Release */,
			);
			defaultConfigurationIsVisible = 0;
		};
/* End XCConfigurationList section */
	};
	rootObject = D869B8061CAC6E6F008EC830 /* Project object */;
}
